
Microsoft Visual Studio Solution File, Format Version 12.00
# Visual Studio Version 16
VisualStudioVersion = 16.0.30711.63
MinimumVisualStudioVersion = 10.0.40219.1
Project("{FAE04EC0-301F-11D3-BF4B-00C04F79EFBC}") = "FahharTest", "FahharTest.csproj", "{FB32AF29-CCD8-4BD9-8A7E-A3F49D548D59}"
EndProject
Global
	GlobalSection(SolutionConfigurationPlatforms) = preSolution
		Debug|Any CPU = Debug|Any CPU
		Release|Any CPU = Release|Any CPU
	EndGlobalSection
	GlobalSection(ProjectConfigurationPlatforms) = postSolution
		{FB32AF29-CCD8-4BD9-8A7E-A3F49D548D59}.Debug|Any CPU.ActiveCfg = Debug|Any CPU
		{FB32AF29-CCD8-4BD9-8A7E-A3F49D548D59}.Debug|Any CPU.Build.0 = Debug|Any CPU
		{FB32AF29-CCD8-4BD9-8A7E-A3F49D548D59}.Release|Any CPU.ActiveCfg = Release|Any CPU
		{FB32AF29-CCD8-4BD9-8A7E-A3F49D548D59}.Release|Any CPU.Build.0 = Release|Any CPU
	EndGlobalSection
	GlobalSection(SolutionProperties) = preSolution
		HideSolutionNode = FALSE
	EndGlobalSection
	GlobalSection(ExtensibilityGlobals) = postSolution
		SolutionGuid = {74B617D7-C8CA-4D03-B646-FE1C273F8038}
	EndGlobalSection
EndGlobal
